{
  "name": "avalanchain",
  "requires": true,
  "lockfileVersion": 1,
  "dependencies": {
    "jquery-sparkline": {
      "version": "2.4.0",
      "resolved": "https://registry.npmjs.org/jquery-sparkline/-/jquery-sparkline-2.4.0.tgz",
      "integrity": "sha1-G+i3twTdOFcVJwiu+x1KSzpp+zM="
    }
  }
}
