
Microsoft Visual Studio Solution File, Format Version 12.00
# Visual Studio 15
VisualStudioVersion = 15.0.26124.0
MinimumVisualStudioVersion = 15.0.26124.0
Project("{6EC3EE1D-3C4E-46DD-8F32-0CC8E7565705}") = "Client", "src\Client\Client.fsproj", "{81FC0D52-B21F-47D8-98A6-F3AB78937EE8}"
EndProject
Project("{6EC3EE1D-3C4E-46DD-8F32-0CC8E7565705}") = "Server", "src\Server\Server.fsproj", "{2CB42F5C-A9DB-47FA-AF2B-54D1DF002005}"
EndProject
Project("{2150E333-8FDC-42A3-9474-1A3956D46DE8}") = "ServerLibs", "ServerLibs", "{E710C621-0941-4196-AF33-DCAF94879341}"
EndProject
Project("{6EC3EE1D-3C4E-46DD-8F32-0CC8E7565705}") = "Giraffe", "src\ServerLibs\Giraffe\Giraffe.fsproj", "{914051C6-9404-4159-AC7E-F650D978D5A5}"
EndProject
Project("{6EC3EE1D-3C4E-46DD-8F32-0CC8E7565705}") = "Giraffe.Swagger", "src\ServerLibs\Giraffe.Swagger\Giraffe.Swagger.fsproj", "{6B7B9822-693D-44DA-B2AA-004169EA8F10}"
EndProject
Project("{6EC3EE1D-3C4E-46DD-8F32-0CC8E7565705}") = "Payments", "src\ServerLibs\Payments\Payments.fsproj", "{6CA1C3BF-E6A8-4A4A-81FE-6C1E728AE786}"
EndProject
Project("{6EC3EE1D-3C4E-46DD-8F32-0CC8E7565705}") = "TypeShape.Tools", "src\ServerLibs\Utils\TypeShape.Tools\TypeShape.Tools.fsproj", "{E7C38FA0-0BFD-4374-9C4C-A894860C9906}"
EndProject
Project("{2150E333-8FDC-42A3-9474-1A3956D46DE8}") = "Tests", "Tests", "{524A9C44-3AEA-45AA-873A-6DEB54E0985E}"
EndProject
Project("{6EC3EE1D-3C4E-46DD-8F32-0CC8E7565705}") = "ServerTests", "test\ServerTests\ServerTests.fsproj", "{E50A51DF-B22E-4277-8004-96B6B71082C4}"
EndProject
Global
	GlobalSection(SolutionConfigurationPlatforms) = preSolution
		Debug|Any CPU = Debug|Any CPU
		Debug|x64 = Debug|x64
		Debug|x86 = Debug|x86
		Release|Any CPU = Release|Any CPU
		Release|x64 = Release|x64
		Release|x86 = Release|x86
	EndGlobalSection
	GlobalSection(ProjectConfigurationPlatforms) = postSolution
		{81FC0D52-B21F-47D8-98A6-F3AB78937EE8}.Debug|Any CPU.ActiveCfg = Debug|Any CPU
		{81FC0D52-B21F-47D8-98A6-F3AB78937EE8}.Debug|Any CPU.Build.0 = Debug|Any CPU
		{81FC0D52-B21F-47D8-98A6-F3AB78937EE8}.Debug|x64.ActiveCfg = Debug|Any CPU
		{81FC0D52-B21F-47D8-98A6-F3AB78937EE8}.Debug|x64.Build.0 = Debug|Any CPU
		{81FC0D52-B21F-47D8-98A6-F3AB78937EE8}.Debug|x86.ActiveCfg = Debug|Any CPU
		{81FC0D52-B21F-47D8-98A6-F3AB78937EE8}.Debug|x86.Build.0 = Debug|Any CPU
		{81FC0D52-B21F-47D8-98A6-F3AB78937EE8}.Release|Any CPU.ActiveCfg = Release|Any CPU
		{81FC0D52-B21F-47D8-98A6-F3AB78937EE8}.Release|Any CPU.Build.0 = Release|Any CPU
		{81FC0D52-B21F-47D8-98A6-F3AB78937EE8}.Release|x64.ActiveCfg = Release|Any CPU
		{81FC0D52-B21F-47D8-98A6-F3AB78937EE8}.Release|x64.Build.0 = Release|Any CPU
		{81FC0D52-B21F-47D8-98A6-F3AB78937EE8}.Release|x86.ActiveCfg = Release|Any CPU
		{81FC0D52-B21F-47D8-98A6-F3AB78937EE8}.Release|x86.Build.0 = Release|Any CPU
		{2CB42F5C-A9DB-47FA-AF2B-54D1DF002005}.Debug|Any CPU.ActiveCfg = Debug|Any CPU
		{2CB42F5C-A9DB-47FA-AF2B-54D1DF002005}.Debug|Any CPU.Build.0 = Debug|Any CPU
		{2CB42F5C-A9DB-47FA-AF2B-54D1DF002005}.Debug|x64.ActiveCfg = Debug|Any CPU
		{2CB42F5C-A9DB-47FA-AF2B-54D1DF002005}.Debug|x64.Build.0 = Debug|Any CPU
		{2CB42F5C-A9DB-47FA-AF2B-54D1DF002005}.Debug|x86.ActiveCfg = Debug|Any CPU
		{2CB42F5C-A9DB-47FA-AF2B-54D1DF002005}.Debug|x86.Build.0 = Debug|Any CPU
		{2CB42F5C-A9DB-47FA-AF2B-54D1DF002005}.Release|Any CPU.ActiveCfg = Release|Any CPU
		{2CB42F5C-A9DB-47FA-AF2B-54D1DF002005}.Release|Any CPU.Build.0 = Release|Any CPU
		{2CB42F5C-A9DB-47FA-AF2B-54D1DF002005}.Release|x64.ActiveCfg = Release|Any CPU
		{2CB42F5C-A9DB-47FA-AF2B-54D1DF002005}.Release|x64.Build.0 = Release|Any CPU
		{2CB42F5C-A9DB-47FA-AF2B-54D1DF002005}.Release|x86.ActiveCfg = Release|Any CPU
		{2CB42F5C-A9DB-47FA-AF2B-54D1DF002005}.Release|x86.Build.0 = Release|Any CPU
		{914051C6-9404-4159-AC7E-F650D978D5A5}.Debug|Any CPU.ActiveCfg = Debug|Any CPU
		{914051C6-9404-4159-AC7E-F650D978D5A5}.Debug|Any CPU.Build.0 = Debug|Any CPU
		{914051C6-9404-4159-AC7E-F650D978D5A5}.Debug|x64.ActiveCfg = Debug|Any CPU
		{914051C6-9404-4159-AC7E-F650D978D5A5}.Debug|x64.Build.0 = Debug|Any CPU
		{914051C6-9404-4159-AC7E-F650D978D5A5}.Debug|x86.ActiveCfg = Debug|Any CPU
		{914051C6-9404-4159-AC7E-F650D978D5A5}.Debug|x86.Build.0 = Debug|Any CPU
		{914051C6-9404-4159-AC7E-F650D978D5A5}.Release|Any CPU.ActiveCfg = Release|Any CPU
		{914051C6-9404-4159-AC7E-F650D978D5A5}.Release|Any CPU.Build.0 = Release|Any CPU
		{914051C6-9404-4159-AC7E-F650D978D5A5}.Release|x64.ActiveCfg = Release|Any CPU
		{914051C6-9404-4159-AC7E-F650D978D5A5}.Release|x64.Build.0 = Release|Any CPU
		{914051C6-9404-4159-AC7E-F650D978D5A5}.Release|x86.ActiveCfg = Release|Any CPU
		{914051C6-9404-4159-AC7E-F650D978D5A5}.Release|x86.Build.0 = Release|Any CPU
		{6B7B9822-693D-44DA-B2AA-004169EA8F10}.Debug|Any CPU.ActiveCfg = Debug|Any CPU
		{6B7B9822-693D-44DA-B2AA-004169EA8F10}.Debug|Any CPU.Build.0 = Debug|Any CPU
		{6B7B9822-693D-44DA-B2AA-004169EA8F10}.Debug|x64.ActiveCfg = Debug|Any CPU
		{6B7B9822-693D-44DA-B2AA-004169EA8F10}.Debug|x64.Build.0 = Debug|Any CPU
		{6B7B9822-693D-44DA-B2AA-004169EA8F10}.Debug|x86.ActiveCfg = Debug|Any CPU
		{6B7B9822-693D-44DA-B2AA-004169EA8F10}.Debug|x86.Build.0 = Debug|Any CPU
		{6B7B9822-693D-44DA-B2AA-004169EA8F10}.Release|Any CPU.ActiveCfg = Release|Any CPU
		{6B7B9822-693D-44DA-B2AA-004169EA8F10}.Release|Any CPU.Build.0 = Release|Any CPU
		{6B7B9822-693D-44DA-B2AA-004169EA8F10}.Release|x64.ActiveCfg = Release|Any CPU
		{6B7B9822-693D-44DA-B2AA-004169EA8F10}.Release|x64.Build.0 = Release|Any CPU
		{6B7B9822-693D-44DA-B2AA-004169EA8F10}.Release|x86.ActiveCfg = Release|Any CPU
		{6B7B9822-693D-44DA-B2AA-004169EA8F10}.Release|x86.Build.0 = Release|Any CPU
		{6CA1C3BF-E6A8-4A4A-81FE-6C1E728AE786}.Debug|Any CPU.ActiveCfg = Debug|Any CPU
		{6CA1C3BF-E6A8-4A4A-81FE-6C1E728AE786}.Debug|Any CPU.Build.0 = Debug|Any CPU
		{6CA1C3BF-E6A8-4A4A-81FE-6C1E728AE786}.Debug|x64.ActiveCfg = Debug|Any CPU
		{6CA1C3BF-E6A8-4A4A-81FE-6C1E728AE786}.Debug|x64.Build.0 = Debug|Any CPU
		{6CA1C3BF-E6A8-4A4A-81FE-6C1E728AE786}.Debug|x86.ActiveCfg = Debug|Any CPU
		{6CA1C3BF-E6A8-4A4A-81FE-6C1E728AE786}.Debug|x86.Build.0 = Debug|Any CPU
		{6CA1C3BF-E6A8-4A4A-81FE-6C1E728AE786}.Release|Any CPU.ActiveCfg = Release|Any CPU
		{6CA1C3BF-E6A8-4A4A-81FE-6C1E728AE786}.Release|Any CPU.Build.0 = Release|Any CPU
		{6CA1C3BF-E6A8-4A4A-81FE-6C1E728AE786}.Release|x64.ActiveCfg = Release|Any CPU
		{6CA1C3BF-E6A8-4A4A-81FE-6C1E728AE786}.Release|x64.Build.0 = Release|Any CPU
		{6CA1C3BF-E6A8-4A4A-81FE-6C1E728AE786}.Release|x86.ActiveCfg = Release|Any CPU
		{6CA1C3BF-E6A8-4A4A-81FE-6C1E728AE786}.Release|x86.Build.0 = Release|Any CPU
		{E7C38FA0-0BFD-4374-9C4C-A894860C9906}.Debug|Any CPU.ActiveCfg = Debug|Any CPU
		{E7C38FA0-0BFD-4374-9C4C-A894860C9906}.Debug|Any CPU.Build.0 = Debug|Any CPU
		{E7C38FA0-0BFD-4374-9C4C-A894860C9906}.Debug|x64.ActiveCfg = Debug|Any CPU
		{E7C38FA0-0BFD-4374-9C4C-A894860C9906}.Debug|x64.Build.0 = Debug|Any CPU
		{E7C38FA0-0BFD-4374-9C4C-A894860C9906}.Debug|x86.ActiveCfg = Debug|Any CPU
		{E7C38FA0-0BFD-4374-9C4C-A894860C9906}.Debug|x86.Build.0 = Debug|Any CPU
		{E7C38FA0-0BFD-4374-9C4C-A894860C9906}.Release|Any CPU.ActiveCfg = Release|Any CPU
		{E7C38FA0-0BFD-4374-9C4C-A894860C9906}.Release|Any CPU.Build.0 = Release|Any CPU
		{E7C38FA0-0BFD-4374-9C4C-A894860C9906}.Release|x64.ActiveCfg = Release|Any CPU
		{E7C38FA0-0BFD-4374-9C4C-A894860C9906}.Release|x64.Build.0 = Release|Any CPU
		{E7C38FA0-0BFD-4374-9C4C-A894860C9906}.Release|x86.ActiveCfg = Release|Any CPU
		{E7C38FA0-0BFD-4374-9C4C-A894860C9906}.Release|x86.Build.0 = Release|Any CPU
		{E50A51DF-B22E-4277-8004-96B6B71082C4}.Debug|Any CPU.ActiveCfg = Debug|Any CPU
		{E50A51DF-B22E-4277-8004-96B6B71082C4}.Debug|Any CPU.Build.0 = Debug|Any CPU
		{E50A51DF-B22E-4277-8004-96B6B71082C4}.Debug|x64.ActiveCfg = Debug|Any CPU
		{E50A51DF-B22E-4277-8004-96B6B71082C4}.Debug|x64.Build.0 = Debug|Any CPU
		{E50A51DF-B22E-4277-8004-96B6B71082C4}.Debug|x86.ActiveCfg = Debug|Any CPU
		{E50A51DF-B22E-4277-8004-96B6B71082C4}.Debug|x86.Build.0 = Debug|Any CPU
		{E50A51DF-B22E-4277-8004-96B6B71082C4}.Release|Any CPU.ActiveCfg = Release|Any CPU
		{E50A51DF-B22E-4277-8004-96B6B71082C4}.Release|Any CPU.Build.0 = Release|Any CPU
		{E50A51DF-B22E-4277-8004-96B6B71082C4}.Release|x64.ActiveCfg = Release|Any CPU
		{E50A51DF-B22E-4277-8004-96B6B71082C4}.Release|x64.Build.0 = Release|Any CPU
		{E50A51DF-B22E-4277-8004-96B6B71082C4}.Release|x86.ActiveCfg = Release|Any CPU
		{E50A51DF-B22E-4277-8004-96B6B71082C4}.Release|x86.Build.0 = Release|Any CPU
	EndGlobalSection
	GlobalSection(SolutionProperties) = preSolution
		HideSolutionNode = FALSE
	EndGlobalSection
	GlobalSection(NestedProjects) = preSolution
		{914051C6-9404-4159-AC7E-F650D978D5A5} = {E710C621-0941-4196-AF33-DCAF94879341}
		{6B7B9822-693D-44DA-B2AA-004169EA8F10} = {E710C621-0941-4196-AF33-DCAF94879341}
		{6CA1C3BF-E6A8-4A4A-81FE-6C1E728AE786} = {E710C621-0941-4196-AF33-DCAF94879341}
		{E7C38FA0-0BFD-4374-9C4C-A894860C9906} = {E710C621-0941-4196-AF33-DCAF94879341}
		{E50A51DF-B22E-4277-8004-96B6B71082C4} = {524A9C44-3AEA-45AA-873A-6DEB54E0985E}
	EndGlobalSection
	GlobalSection(ExtensibilityGlobals) = postSolution
		SolutionGuid = {229C5A8D-F14E-44D7-AC34-4A80C9B77A59}
	EndGlobalSection
EndGlobal
